<Solution>
  <Folder Name="/src/">
    <Project Path="src/Jharicast/Jharicast.csproj" />
    <Project Path="src/Jharicast.Fetch/Jharicast.Fetch.csproj" />
    <Project Path="src/Jharicast.OpenMeteo/Jharicast.OpenMeteo.csproj" />
    <Project Path="src/Jharicast.Routing/Jharicast.Routing.csproj" />
    <Project Path="src/Jharicast.Nepal/Jharicast.Nepal.csproj" />
  </Folder>
  <Folder Name="/tests/">
    <Project Path="tests/Jharicast.Tests/Jharicast.Tests.csproj" />
  </Folder>
</Solution>
